
Microsoft Visual Studio Solution File, Format Version 12.00
# Visual Studio Version 17
VisualStudioVersion = 17.2.32616.157
MinimumVisualStudioVersion = 10.0.40219.1
Project("{9A19103F-16F7-4668-BE54-9A1E7A4F7556}") = "Trading.API", "Trading.API\Trading.API.csproj", "{C3BC678F-D19A-4DAB-BE9B-6B9F0921C9A5}"
EndProject
Global
	GlobalSection(SolutionConfigurationPlatforms) = preSolution
		Debug|Any CPU = Debug|Any CPU
		Release|Any CPU = Release|Any CPU
	EndGlobalSection
	GlobalSection(ProjectConfigurationPlatforms) = postSolution
		{C3BC678F-D19A-4DAB-BE9B-6B9F0921C9A5}.Debug|Any CPU.ActiveCfg = Debug|Any CPU
		{C3BC678F-D19A-4DAB-BE9B-6B9F0921C9A5}.Debug|Any CPU.Build.0 = Debug|Any CPU
		{C3BC678F-D19A-4DAB-BE9B-6B9F0921C9A5}.Release|Any CPU.ActiveCfg = Release|Any CPU
		{C3BC678F-D19A-4DAB-BE9B-6B9F0921C9A5}.Release|Any CPU.Build.0 = Release|Any CPU
	EndGlobalSection
	GlobalSection(SolutionProperties) = preSolution
		HideSolutionNode = FALSE
	EndGlobalSection
	GlobalSection(ExtensibilityGlobals) = postSolution
		SolutionGuid = {5ACD289D-6022-46F4-B17B-1AA59E0650EB}
	EndGlobalSection
EndGlobal
